
Microsoft Visual Studio Solution File, Format Version 12.00
Project("{FAE04EC0-301F-11D3-BF4B-00C04F79EFBC}") = "ahtirn.SmartCalculator", "ahtirn.SmartCalculator\ahtirn.SmartCalculator.csproj", "{802666DE-23EB-4CBC-A541-29F346385F05}"
EndProject
Global
	GlobalSection(SolutionConfigurationPlatforms) = preSolution
		Debug|Any CPU = Debug|Any CPU
		Release|Any CPU = Release|Any CPU
	EndGlobalSection
	GlobalSection(ProjectConfigurationPlatforms) = postSolution
		{802666DE-23EB-4CBC-A541-29F346385F05}.Debug|Any CPU.ActiveCfg = Debug|Any CPU
		{802666DE-23EB-4CBC-A541-29F346385F05}.Debug|Any CPU.Build.0 = Debug|Any CPU
		{802666DE-23EB-4CBC-A541-29F346385F05}.Release|Any CPU.ActiveCfg = Release|Any CPU
		{802666DE-23EB-4CBC-A541-29F346385F05}.Release|Any CPU.Build.0 = Release|Any CPU
	EndGlobalSection
EndGlobal
